
Microsoft Visual Studio Solution File, Format Version 12.00
# Visual Studio Version 17
VisualStudioVersion = 17.0.32112.339
MinimumVisualStudioVersion = 10.0.40219.1
Project("{FAE04EC0-301F-11D3-BF4B-00C04F79EFBC}") = "AlienModloader", "AlienModloader\AlienModloader.csproj", "{13FD24D3-FBCB-44FF-BB69-D7D04E9E4E3F}"
EndProject
Project("{FAE04EC0-301F-11D3-BF4B-00C04F79EFBC}") = "FileHandler", "FileHandler\FileHandler.csproj", "{32C8AF3F-4DA7-4A73-AF2D-C8D020BAB70E}"
EndProject
Global
	GlobalSection(SolutionConfigurationPlatforms) = preSolution
		Debug|Any CPU = Debug|Any CPU
		Release|Any CPU = Release|Any CPU
	EndGlobalSection
	GlobalSection(ProjectConfigurationPlatforms) = postSolution
		{13FD24D3-FBCB-44FF-BB69-D7D04E9E4E3F}.Debug|Any CPU.ActiveCfg = Debug|Any CPU
		{13FD24D3-FBCB-44FF-BB69-D7D04E9E4E3F}.Debug|Any CPU.Build.0 = Debug|Any CPU
		{13FD24D3-FBCB-44FF-BB69-D7D04E9E4E3F}.Release|Any CPU.ActiveCfg = Release|Any CPU
		{13FD24D3-FBCB-44FF-BB69-D7D04E9E4E3F}.Release|Any CPU.Build.0 = Release|Any CPU
		{32C8AF3F-4DA7-4A73-AF2D-C8D020BAB70E}.Debug|Any CPU.ActiveCfg = Debug|Any CPU
		{32C8AF3F-4DA7-4A73-AF2D-C8D020BAB70E}.Debug|Any CPU.Build.0 = Debug|Any CPU
		{32C8AF3F-4DA7-4A73-AF2D-C8D020BAB70E}.Release|Any CPU.ActiveCfg = Release|Any CPU
		{32C8AF3F-4DA7-4A73-AF2D-C8D020BAB70E}.Release|Any CPU.Build.0 = Release|Any CPU
	EndGlobalSection
	GlobalSection(SolutionProperties) = preSolution
		HideSolutionNode = FALSE
	EndGlobalSection
	GlobalSection(ExtensibilityGlobals) = postSolution
		SolutionGuid = {B148B023-6A2F-4CCB-9AD2-64C01189FC36}
	EndGlobalSection
EndGlobal
